
Microsoft Visual Studio Solution File, Format Version 12.00
# Visual Studio Version 17
VisualStudioVersion = 17.5.33516.290
MinimumVisualStudioVersion = 10.0.40219.1
Project("{9A19103F-16F7-4668-BE54-9A1E7A4F7556}") = "Todo-API", "Todo-API\Todo-API.csproj", "{B14DDF96-8C8D-435E-AD6A-4844597E894E}"
EndProject
Project("{9A19103F-16F7-4668-BE54-9A1E7A4F7556}") = "Todo-API-Test", "Todo-API-Test\Todo-API-Test.csproj", "{B92F6A8C-321C-43AE-B747-57DEB3DFCD5B}"
EndProject
Project("{54A90642-561A-4BB1-A94E-469ADEE60C69}") = "todo-client", "Todo-Client\todo-client.esproj", "{B777F020-E5D1-4DD8-A56F-8039A99F7388}"
EndProject
Global
	GlobalSection(SolutionConfigurationPlatforms) = preSolution
		Debug|Any CPU = Debug|Any CPU
		Release|Any CPU = Release|Any CPU
	EndGlobalSection
	GlobalSection(ProjectConfigurationPlatforms) = postSolution
		{B14DDF96-8C8D-435E-AD6A-4844597E894E}.Debug|Any CPU.ActiveCfg = Debug|Any CPU
		{B14DDF96-8C8D-435E-AD6A-4844597E894E}.Debug|Any CPU.Build.0 = Debug|Any CPU
		{B14DDF96-8C8D-435E-AD6A-4844597E894E}.Release|Any CPU.ActiveCfg = Release|Any CPU
		{B14DDF96-8C8D-435E-AD6A-4844597E894E}.Release|Any CPU.Build.0 = Release|Any CPU
		{B92F6A8C-321C-43AE-B747-57DEB3DFCD5B}.Debug|Any CPU.ActiveCfg = Debug|Any CPU
		{B92F6A8C-321C-43AE-B747-57DEB3DFCD5B}.Debug|Any CPU.Build.0 = Debug|Any CPU
		{B92F6A8C-321C-43AE-B747-57DEB3DFCD5B}.Release|Any CPU.ActiveCfg = Release|Any CPU
		{B92F6A8C-321C-43AE-B747-57DEB3DFCD5B}.Release|Any CPU.Build.0 = Release|Any CPU
		{B777F020-E5D1-4DD8-A56F-8039A99F7388}.Debug|Any CPU.ActiveCfg = Debug|Any CPU
		{B777F020-E5D1-4DD8-A56F-8039A99F7388}.Debug|Any CPU.Build.0 = Debug|Any CPU
		{B777F020-E5D1-4DD8-A56F-8039A99F7388}.Debug|Any CPU.Deploy.0 = Debug|Any CPU
		{B777F020-E5D1-4DD8-A56F-8039A99F7388}.Release|Any CPU.ActiveCfg = Release|Any CPU
		{B777F020-E5D1-4DD8-A56F-8039A99F7388}.Release|Any CPU.Build.0 = Release|Any CPU
		{B777F020-E5D1-4DD8-A56F-8039A99F7388}.Release|Any CPU.Deploy.0 = Release|Any CPU
	EndGlobalSection
	GlobalSection(SolutionProperties) = preSolution
		HideSolutionNode = FALSE
	EndGlobalSection
	GlobalSection(ExtensibilityGlobals) = postSolution
		SolutionGuid = {2D3EED35-E057-4747-833A-39384174783F}
	EndGlobalSection
EndGlobal
